
Microsoft Visual Studio Solution File, Format Version 12.00
# Visual Studio Version 16
VisualStudioVersion = 16.0.30002.166
MinimumVisualStudioVersion = 10.0.40219.1
Project("{FAE04EC0-301F-11D3-BF4B-00C04F79EFBC}") = "Operadores", "Operadores\Operadores.csproj", "{80D4323D-77A1-4B65-BDC1-FDE46BDEE37C}"
EndProject
Global
	GlobalSection(SolutionConfigurationPlatforms) = preSolution
		Debug|Any CPU = Debug|Any CPU
		Release|Any CPU = Release|Any CPU
	EndGlobalSection
	GlobalSection(ProjectConfigurationPlatforms) = postSolution
		{80D4323D-77A1-4B65-BDC1-FDE46BDEE37C}.Debug|Any CPU.ActiveCfg = Debug|Any CPU
		{80D4323D-77A1-4B65-BDC1-FDE46BDEE37C}.Debug|Any CPU.Build.0 = Debug|Any CPU
		{80D4323D-77A1-4B65-BDC1-FDE46BDEE37C}.Release|Any CPU.ActiveCfg = Release|Any CPU
		{80D4323D-77A1-4B65-BDC1-FDE46BDEE37C}.Release|Any CPU.Build.0 = Release|Any CPU
	EndGlobalSection
	GlobalSection(SolutionProperties) = preSolution
		HideSolutionNode = FALSE
	EndGlobalSection
	GlobalSection(ExtensibilityGlobals) = postSolution
		SolutionGuid = {7D23CEA0-7992-4DDD-9817-0A78642AAE54}
	EndGlobalSection
EndGlobal
