
Microsoft Visual Studio Solution File, Format Version 12.00
# Visual Studio Version 16
VisualStudioVersion = 16.0.30002.166
MinimumVisualStudioVersion = 10.0.40219.1
Project("{FAE04EC0-301F-11D3-BF4B-00C04F79EFBC}") = "Variaveis", "Variaveis\Variaveis.csproj", "{DA675A65-5094-4365-8E9C-4BFCF893D981}"
EndProject
Global
	GlobalSection(SolutionConfigurationPlatforms) = preSolution
		Debug|Any CPU = Debug|Any CPU
		Release|Any CPU = Release|Any CPU
	EndGlobalSection
	GlobalSection(ProjectConfigurationPlatforms) = postSolution
		{DA675A65-5094-4365-8E9C-4BFCF893D981}.Debug|Any CPU.ActiveCfg = Debug|Any CPU
		{DA675A65-5094-4365-8E9C-4BFCF893D981}.Debug|Any CPU.Build.0 = Debug|Any CPU
		{DA675A65-5094-4365-8E9C-4BFCF893D981}.Release|Any CPU.ActiveCfg = Release|Any CPU
		{DA675A65-5094-4365-8E9C-4BFCF893D981}.Release|Any CPU.Build.0 = Release|Any CPU
	EndGlobalSection
	GlobalSection(SolutionProperties) = preSolution
		HideSolutionNode = FALSE
	EndGlobalSection
	GlobalSection(ExtensibilityGlobals) = postSolution
		SolutionGuid = {050768A8-B53C-4951-A93D-D1E2C24ADFEF}
	EndGlobalSection
EndGlobal
