
Microsoft Visual Studio Solution File, Format Version 12.00
# Visual Studio Version 16
VisualStudioVersion = 16.0.30002.166
MinimumVisualStudioVersion = 10.0.40219.1
Project("{FAE04EC0-301F-11D3-BF4B-00C04F79EFBC}") = "Fibonacci", "Fibonacci\Fibonacci.csproj", "{5072D1E1-1178-41A7-A03C-07C3DB2EB9BB}"
EndProject
Global
	GlobalSection(SolutionConfigurationPlatforms) = preSolution
		Debug|Any CPU = Debug|Any CPU
		Release|Any CPU = Release|Any CPU
	EndGlobalSection
	GlobalSection(ProjectConfigurationPlatforms) = postSolution
		{5072D1E1-1178-41A7-A03C-07C3DB2EB9BB}.Debug|Any CPU.ActiveCfg = Debug|Any CPU
		{5072D1E1-1178-41A7-A03C-07C3DB2EB9BB}.Debug|Any CPU.Build.0 = Debug|Any CPU
		{5072D1E1-1178-41A7-A03C-07C3DB2EB9BB}.Release|Any CPU.ActiveCfg = Release|Any CPU
		{5072D1E1-1178-41A7-A03C-07C3DB2EB9BB}.Release|Any CPU.Build.0 = Release|Any CPU
	EndGlobalSection
	GlobalSection(SolutionProperties) = preSolution
		HideSolutionNode = FALSE
	EndGlobalSection
	GlobalSection(ExtensibilityGlobals) = postSolution
		SolutionGuid = {016D3878-3B6D-4FBA-A01D-4311FBF8520E}
	EndGlobalSection
EndGlobal
