
Microsoft Visual Studio Solution File, Format Version 12.00
# Visual Studio Version 16
VisualStudioVersion = 16.0.30002.166
MinimumVisualStudioVersion = 10.0.40219.1
Project("{FAE04EC0-301F-11D3-BF4B-00C04F79EFBC}") = "ConversorTemperaturas", "ConversorTemperaturas\ConversorTemperaturas.csproj", "{B9198499-0030-40DF-9876-71DC8472BF91}"
EndProject
Global
	GlobalSection(SolutionConfigurationPlatforms) = preSolution
		Debug|Any CPU = Debug|Any CPU
		Release|Any CPU = Release|Any CPU
	EndGlobalSection
	GlobalSection(ProjectConfigurationPlatforms) = postSolution
		{B9198499-0030-40DF-9876-71DC8472BF91}.Debug|Any CPU.ActiveCfg = Debug|Any CPU
		{B9198499-0030-40DF-9876-71DC8472BF91}.Debug|Any CPU.Build.0 = Debug|Any CPU
		{B9198499-0030-40DF-9876-71DC8472BF91}.Release|Any CPU.ActiveCfg = Release|Any CPU
		{B9198499-0030-40DF-9876-71DC8472BF91}.Release|Any CPU.Build.0 = Release|Any CPU
	EndGlobalSection
	GlobalSection(SolutionProperties) = preSolution
		HideSolutionNode = FALSE
	EndGlobalSection
	GlobalSection(ExtensibilityGlobals) = postSolution
		SolutionGuid = {D81F305F-1776-46F1-913D-B490F9D73967}
	EndGlobalSection
EndGlobal
