
Microsoft Visual Studio Solution File, Format Version 12.00
# Visual Studio Version 16
VisualStudioVersion = 16.0.31105.61
MinimumVisualStudioVersion = 10.0.40219.1
Project("{FAE04EC0-301F-11D3-BF4B-00C04F79EFBC}") = "POO_LogicaDeProgramacao", "POO_LogicaDeProgramacao\POO_LogicaDeProgramacao.csproj", "{6756AA9B-64AF-405F-8746-B4ABAD5FEF77}"
EndProject
Global
	GlobalSection(SolutionConfigurationPlatforms) = preSolution
		Debug|Any CPU = Debug|Any CPU
		Release|Any CPU = Release|Any CPU
	EndGlobalSection
	GlobalSection(ProjectConfigurationPlatforms) = postSolution
		{6756AA9B-64AF-405F-8746-B4ABAD5FEF77}.Debug|Any CPU.ActiveCfg = Debug|Any CPU
		{6756AA9B-64AF-405F-8746-B4ABAD5FEF77}.Debug|Any CPU.Build.0 = Debug|Any CPU
		{6756AA9B-64AF-405F-8746-B4ABAD5FEF77}.Release|Any CPU.ActiveCfg = Release|Any CPU
		{6756AA9B-64AF-405F-8746-B4ABAD5FEF77}.Release|Any CPU.Build.0 = Release|Any CPU
	EndGlobalSection
	GlobalSection(SolutionProperties) = preSolution
		HideSolutionNode = FALSE
	EndGlobalSection
	GlobalSection(ExtensibilityGlobals) = postSolution
		SolutionGuid = {72E029C4-7C5F-495A-BCAC-48DA4FB65CC4}
	EndGlobalSection
EndGlobal
