
Microsoft Visual Studio Solution File, Format Version 12.00
# Visual Studio Version 16
VisualStudioVersion = 16.0.30002.166
MinimumVisualStudioVersion = 10.0.40219.1
Project("{FAE04EC0-301F-11D3-BF4B-00C04F79EFBC}") = "Condicao", "Condicao\Condicao.csproj", "{FBEA8392-E44E-42ED-91FA-EBEC2D4839C1}"
EndProject
Global
	GlobalSection(SolutionConfigurationPlatforms) = preSolution
		Debug|Any CPU = Debug|Any CPU
		Release|Any CPU = Release|Any CPU
	EndGlobalSection
	GlobalSection(ProjectConfigurationPlatforms) = postSolution
		{FBEA8392-E44E-42ED-91FA-EBEC2D4839C1}.Debug|Any CPU.ActiveCfg = Debug|Any CPU
		{FBEA8392-E44E-42ED-91FA-EBEC2D4839C1}.Debug|Any CPU.Build.0 = Debug|Any CPU
		{FBEA8392-E44E-42ED-91FA-EBEC2D4839C1}.Release|Any CPU.ActiveCfg = Release|Any CPU
		{FBEA8392-E44E-42ED-91FA-EBEC2D4839C1}.Release|Any CPU.Build.0 = Release|Any CPU
	EndGlobalSection
	GlobalSection(SolutionProperties) = preSolution
		HideSolutionNode = FALSE
	EndGlobalSection
	GlobalSection(ExtensibilityGlobals) = postSolution
		SolutionGuid = {D9180484-A207-4BF1-B208-337FD8C266FA}
	EndGlobalSection
EndGlobal
