
Microsoft Visual Studio Solution File, Format Version 12.00
# Visual Studio Version 16
VisualStudioVersion = 16.0.30002.166
MinimumVisualStudioVersion = 10.0.40219.1
Project("{FAE04EC0-301F-11D3-BF4B-00C04F79EFBC}") = "Controle", "Controle\Controle.csproj", "{9C5BD903-C98B-41DD-BF92-2153DF59BEDE}"
EndProject
Global
	GlobalSection(SolutionConfigurationPlatforms) = preSolution
		Debug|Any CPU = Debug|Any CPU
		Release|Any CPU = Release|Any CPU
	EndGlobalSection
	GlobalSection(ProjectConfigurationPlatforms) = postSolution
		{9C5BD903-C98B-41DD-BF92-2153DF59BEDE}.Debug|Any CPU.ActiveCfg = Debug|Any CPU
		{9C5BD903-C98B-41DD-BF92-2153DF59BEDE}.Debug|Any CPU.Build.0 = Debug|Any CPU
		{9C5BD903-C98B-41DD-BF92-2153DF59BEDE}.Release|Any CPU.ActiveCfg = Release|Any CPU
		{9C5BD903-C98B-41DD-BF92-2153DF59BEDE}.Release|Any CPU.Build.0 = Release|Any CPU
	EndGlobalSection
	GlobalSection(SolutionProperties) = preSolution
		HideSolutionNode = FALSE
	EndGlobalSection
	GlobalSection(ExtensibilityGlobals) = postSolution
		SolutionGuid = {462822C5-4954-4BCD-8C48-15B80558CCBB}
	EndGlobalSection
EndGlobal
